// !$*UTF8*$!
{
	archiveVersion = 1;
	classes = {
	};
	objectVersion = 55;
	objects = {

/* Begin PBXBuildFile section */
		DBBF00AA282B3A6E007B9570 /* AppDelegate.swift in Sources */ = {isa = PBXBuildFile; fileRef = DBBF00A9282B3A6E007B9570 /* AppDelegate.swift */; };
		DBBF00AC282B3A6E007B9570 /* SceneDelegate.swift in Sources */ = {isa = PBXBuildFile; fileRef = DBBF00AB282B3A6E007B9570 /* SceneDelegate.swift */; };
		DBBF00AE282B3A6E007B9570 /* ViewController.swift in Sources */ = {isa = PBXBuildFile; fileRef = DBBF00AD282B3A6E007B9570 /* ViewController.swift */; };
		DBBF00B1282B3A6E007B9570 /* Main.storyboard in Resources */ = {isa = PBXBuildFile; fileRef = DBBF00AF282B3A6E007B9570 /* Main.storyboard */; };
		DBBF00B3282B3A70007B9570 /* Assets.xcassets in Resources */ = {isa = PBXBuildFile; fileRef = DBBF00B2282B3A70007B9570 /* Assets.xcassets */; };
		DBBF00B6282B3A70007B9570 /* LaunchScreen.storyboard in Resources */ = {isa = PBXBuildFile; fileRef = DBBF00B4282B3A70007B9570 /* LaunchScreen.storyboard */; };
		DBBF00C1282B3A70007B9570 /* WordListTests.swift in Sources */ = {isa = PBXBuildFile; fileRef = DBBF00C0282B3A70007B9570 /* WordListTests.swift */; };
		DBBF00CB282B3A70007B9570 /* WordListUITests.swift in Sources */ = {isa = PBXBuildFile; fileRef = DBBF00CA282B3A70007B9570 /* WordListUITests.swift */; };
		DBBF00CD282B3A70007B9570 /* WordListUITestsLaunchTests.swift in Sources */ = {isa = PBXBuildFile; fileRef = DBBF00CC282B3A70007B9570 /* WordListUITestsLaunchTests.swift */; };
		DBBF00DD282B3AED007B9570 /* word_blank.png in Resources */ = {isa = PBXBuildFile; fileRef = DBBF00DA282B3AED007B9570 /* word_blank.png */; };
		DBBF00DE282B3AED007B9570 /* fin.png in Resources */ = {isa = PBXBuildFile; fileRef = DBBF00DB282B3AED007B9570 /* fin.png */; };
		DBBF00DF282B3AED007B9570 /* title_logo.png in Resources */ = {isa = PBXBuildFile; fileRef = DBBF00DC282B3AED007B9570 /* title_logo.png */; };
		DBBF00E2282B3BD6007B9570 /* Corporate-Logo-Bold-ver2.otf in Resources */ = {isa = PBXBuildFile; fileRef = DBBF00E1282B3BD6007B9570 /* Corporate-Logo-Bold-ver2.otf */; };
		DBBF00E4282B3C10007B9570 /* Corporate-Logo-Medium-ver2.otf in Resources */ = {isa = PBXBuildFile; fileRef = DBBF00E3282B3C10007B9570 /* Corporate-Logo-Medium-ver2.otf */; };
		DBBF00E6282B43B2007B9570 /* QuestionViewController.swift in Sources */ = {isa = PBXBuildFile; fileRef = DBBF00E5282B43B2007B9570 /* QuestionViewController.swift */; };
		DBBF00E8282B43CB007B9570 /* FinishViewController.swift in Sources */ = {isa = PBXBuildFile; fileRef = DBBF00E7282B43CB007B9570 /* FinishViewController.swift */; };
		DBBF00EA282B43E0007B9570 /* ListTableViewController.swift in Sources */ = {isa = PBXBuildFile; fileRef = DBBF00E9282B43E0007B9570 /* ListTableViewController.swift */; };
		DBBF00EC282B43FB007B9570 /* AddViewController.swift in Sources */ = {isa = PBXBuildFile; fileRef = DBBF00EB282B43FB007B9570 /* AddViewController.swift */; };
		DBBF00EE282B4B99007B9570 /* ListTableViewCell.swift in Sources */ = {isa = PBXBuildFile; fileRef = DBBF00ED282B4B99007B9570 /* ListTableViewCell.swift */; };
/* End PBXBuildFile section */

/* Begin PBXContainerItemProxy section */
		DBBF00BD282B3A70007B9570 /* PBXContainerItemProxy */ = {
			isa = PBXContainerItemProxy;
			containerPortal = DBBF009E282B3A6E007B9570 /* Project object */;
			proxyType = 1;
			remoteGlobalIDString = DBBF00A5282B3A6E007B9570;
			remoteInfo = WordList;
		};
		DBBF00C7282B3A70007B9570 /* PBXContainerItemProxy */ = {
			isa = PBXContainerItemProxy;
			containerPortal = DBBF009E282B3A6E007B9570 /* Project object */;
			proxyType = 1;
			remoteGlobalIDString = DBBF00A5282B3A6E007B9570;
			remoteInfo = WordList;
		};
/* End PBXContainerItemProxy section */

/* Begin PBXFileReference section */
		DBBF00A6282B3A6E007B9570 /* WordList.app */ = {isa = PBXFileReference; explicitFileType = wrapper.application; includeInIndex = 0; path = WordList.app; sourceTree = BUILT_PRODUCTS_DIR; };
		DBBF00A9282B3A6E007B9570 /* AppDelegate.swift */ = {isa = PBXFileReference; lastKnownFileType = sourcecode.swift; path = AppDelegate.swift; sourceTree = "<group>"; };
		DBBF00AB282B3A6E007B9570 /* SceneDelegate.swift */ = {isa = PBXFileReference; lastKnownFileType = sourcecode.swift; path = SceneDelegate.swift; sourceTree = "<group>"; };
		DBBF00AD282B3A6E007B9570 /* ViewController.swift */ = {isa = PBXFileReference; lastKnownFileType = sourcecode.swift; path = ViewController.swift; sourceTree = "<group>"; };
		DBBF00B0282B3A6E007B9570 /* Base */ = {isa = PBXFileReference; lastKnownFileType = file.storyboard; name = Base; path = Base.lproj/Main.storyboard; sourceTree = "<group>"; };
		DBBF00B2282B3A70007B9570 /* Assets.xcassets */ = {isa = PBXFileReference; lastKnownFileType = folder.assetcatalog; path = Assets.xcassets; sourceTree = "<group>"; };
		DBBF00B5282B3A70007B9570 /* Base */ = {isa = PBXFileReference; lastKnownFileType = file.storyboard; name = Base; path = Base.lproj/LaunchScreen.storyboard; sourceTree = "<group>"; };
		DBBF00B7282B3A70007B9570 /* Info.plist */ = {isa = PBXFileReference; lastKnownFileType = text.plist.xml; path = Info.plist; sourceTree = "<group>"; };
		DBBF00BC282B3A70007B9570 /* WordListTests.xctest */ = {isa = PBXFileReference; explicitFileType = wrapper.cfbundle; includeInIndex = 0; path = WordListTests.xctest; sourceTree = BUILT_PRODUCTS_DIR; };
		DBBF00C0282B3A70007B9570 /* WordListTests.swift */ = {isa = PBXFileReference; lastKnownFileType = sourcecode.swift; path = WordListTests.swift; sourceTree = "<group>"; };
		DBBF00C6282B3A70007B9570 /* WordListUITests.xctest */ = {isa = PBXFileReference; explicitFileType = wrapper.cfbundle; includeInIndex = 0; path = WordListUITests.xctest; sourceTree = BUILT_PRODUCTS_DIR; };
		DBBF00CA282B3A70007B9570 /* WordListUITests.swift */ = {isa = PBXFileReference; lastKnownFileType = sourcecode.swift; path = WordListUITests.swift; sourceTree = "<group>"; };
		DBBF00CC282B3A70007B9570 /* WordListUITestsLaunchTests.swift */ = {isa = PBXFileReference; lastKnownFileType = sourcecode.swift; path = WordListUITestsLaunchTests.swift; sourceTree = "<group>"; };
		DBBF00DA282B3AED007B9570 /* word_blank.png */ = {isa = PBXFileReference; lastKnownFileType = image.png; path = word_blank.png; sourceTree = "<group>"; };
		DBBF00DB282B3AED007B9570 /* fin.png */ = {isa = PBXFileReference; lastKnownFileType = image.png; path = fin.png; sourceTree = "<group>"; };
		DBBF00DC282B3AED007B9570 /* title_logo.png */ = {isa = PBXFileReference; lastKnownFileType = image.png; path = title_logo.png; sourceTree = "<group>"; };
		DBBF00E1282B3BD6007B9570 /* Corporate-Logo-Bold-ver2.otf */ = {isa = PBXFileReference; lastKnownFileType = file; path = "Corporate-Logo-Bold-ver2.otf"; sourceTree = "<group>"; };
		DBBF00E3282B3C10007B9570 /* Corporate-Logo-Medium-ver2.otf */ = {isa = PBXFileReference; lastKnownFileType = file; path = "Corporate-Logo-Medium-ver2.otf"; sourceTree = "<group>"; };
		DBBF00E5282B43B2007B9570 /* QuestionViewController.swift */ = {isa = PBXFileReference; lastKnownFileType = sourcecode.swift; path = QuestionViewController.swift; sourceTree = "<group>"; };
		DBBF00E7282B43CB007B9570 /* FinishViewController.swift */ = {isa = PBXFileReference; lastKnownFileType = sourcecode.swift; path = FinishViewController.swift; sourceTree = "<group>"; };
		DBBF00E9282B43E0007B9570 /* ListTableViewController.swift */ = {isa = PBXFileReference; lastKnownFileType = sourcecode.swift; path = ListTableViewController.swift; sourceTree = "<group>"; };
		DBBF00EB282B43FB007B9570 /* AddViewController.swift */ = {isa = PBXFileReference; lastKnownFileType = sourcecode.swift; path = AddViewController.swift; sourceTree = "<group>"; };
		DBBF00ED282B4B99007B9570 /* ListTableViewCell.swift */ = {isa = PBXFileReference; lastKnownFileType = sourcecode.swift; path = ListTableViewCell.swift; sourceTree = "<group>"; };
/* End PBXFileReference section */

/* Begin PBXFrameworksBuildPhase section */
		DBBF00A3282B3A6E007B9570 /* Frameworks */ = {
			isa = PBXFrameworksBuildPhase;
			buildActionMask = 2147483647;
			files = (
			);
			runOnlyForDeploymentPostprocessing = 0;
		};
		DBBF00B9282B3A70007B9570 /* Frameworks */ = {
			isa = PBXFrameworksBuildPhase;
			buildActionMask = 2147483647;
			files = (
			);
			runOnlyForDeploymentPostprocessing = 0;
		};
		DBBF00C3282B3A70007B9570 /* Frameworks */ = {
			isa = PBXFrameworksBuildPhase;
			buildActionMask = 2147483647;
			files = (
			);
			runOnlyForDeploymentPostprocessing = 0;
		};
/* End PBXFrameworksBuildPhase section */

/* Begin PBXGroup section */
		DBBF009D282B3A6E007B9570 = {
			isa = PBXGroup;
			children = (
				DBBF00A8282B3A6E007B9570 /* WordList */,
				DBBF00BF282B3A70007B9570 /* WordListTests */,
				DBBF00C9282B3A70007B9570 /* WordListUITests */,
				DBBF00A7282B3A6E007B9570 /* Products */,
			);
			sourceTree = "<group>";
		};
		DBBF00A7282B3A6E007B9570 /* Products */ = {
			isa = PBXGroup;
			children = (
				DBBF00A6282B3A6E007B9570 /* WordList.app */,
				DBBF00BC282B3A70007B9570 /* WordListTests.xctest */,
				DBBF00C6282B3A70007B9570 /* WordListUITests.xctest */,
			);
			name = Products;
			sourceTree = "<group>";
		};
		DBBF00A8282B3A6E007B9570 /* WordList */ = {
			isa = PBXGroup;
			children = (
				DBBF00E0282B3BC6007B9570 /* Fonts */,
				DBBF00A9282B3A6E007B9570 /* AppDelegate.swift */,
				DBBF00AB282B3A6E007B9570 /* SceneDelegate.swift */,
				DBBF00AD282B3A6E007B9570 /* ViewController.swift */,
				DBBF00E5282B43B2007B9570 /* QuestionViewController.swift */,
				DBBF00E7282B43CB007B9570 /* FinishViewController.swift */,
				DBBF00E9282B43E0007B9570 /* ListTableViewController.swift */,
				DBBF00ED282B4B99007B9570 /* ListTableViewCell.swift */,
				DBBF00EB282B43FB007B9570 /* AddViewController.swift */,
				DBBF00AF282B3A6E007B9570 /* Main.storyboard */,
				DBBF00B2282B3A70007B9570 /* Assets.xcassets */,
				DBBF00B4282B3A70007B9570 /* LaunchScreen.storyboard */,
				DBBF00B7282B3A70007B9570 /* Info.plist */,
				DBBF00D9282B3AED007B9570 /* WordList素材 */,
			);
			path = WordList;
			sourceTree = "<group>";
		};
		DBBF00BF282B3A70007B9570 /* WordListTests */ = {
			isa = PBXGroup;
			children = (
				DBBF00C0282B3A70007B9570 /* WordListTests.swift */,
			);
			path = WordListTests;
			sourceTree = "<group>";
		};
		DBBF00C9282B3A70007B9570 /* WordListUITests */ = {
			isa = PBXGroup;
			children = (
				DBBF00CA282B3A70007B9570 /* WordListUITests.swift */,
				DBBF00CC282B3A70007B9570 /* WordListUITestsLaunchTests.swift */,
			);
			path = WordListUITests;
			sourceTree = "<group>";
		};
		DBBF00D9282B3AED007B9570 /* WordList素材 */ = {
			isa = PBXGroup;
			children = (
				DBBF00DA282B3AED007B9570 /* word_blank.png */,
				DBBF00DB282B3AED007B9570 /* fin.png */,
				DBBF00DC282B3AED007B9570 /* title_logo.png */,
			);
			path = "WordList素材";
			sourceTree = "<group>";
		};
		DBBF00E0282B3BC6007B9570 /* Fonts */ = {
			isa = PBXGroup;
			children = (
				DBBF00E3282B3C10007B9570 /* Corporate-Logo-Medium-ver2.otf */,
				DBBF00E1282B3BD6007B9570 /* Corporate-Logo-Bold-ver2.otf */,
			);
			path = Fonts;
			sourceTree = "<group>";
		};
/* End PBXGroup section */

/* Begin PBXNativeTarget section */
		DBBF00A5282B3A6E007B9570 /* WordList */ = {
			isa = PBXNativeTarget;
			buildConfigurationList = DBBF00D0282B3A70007B9570 /* Build configuration list for PBXNativeTarget "WordList" */;
			buildPhases = (
				DBBF00A2282B3A6E007B9570 /* Sources */,
				DBBF00A3282B3A6E007B9570 /* Frameworks */,
				DBBF00A4282B3A6E007B9570 /* Resources */,
			);
			buildRules = (
			);
			dependencies = (
			);
			name = WordList;
			productName = WordList;
			productReference = DBBF00A6282B3A6E007B9570 /* WordList.app */;
			productType = "com.apple.product-type.application";
		};
		DBBF00BB282B3A70007B9570 /* WordListTests */ = {
			isa = PBXNativeTarget;
			buildConfigurationList = DBBF00D3282B3A70007B9570 /* Build configuration list for PBXNativeTarget "WordListTests" */;
			buildPhases = (
				DBBF00B8282B3A70007B9570 /* Sources */,
				DBBF00B9282B3A70007B9570 /* Frameworks */,
				DBBF00BA282B3A70007B9570 /* Resources */,
			);
			buildRules = (
			);
			dependencies = (
				DBBF00BE282B3A70007B9570 /* PBXTargetDependency */,
			);
			name = WordListTests;
			productName = WordListTests;
			productReference = DBBF00BC282B3A70007B9570 /* WordListTests.xctest */;
			productType = "com.apple.product-type.bundle.unit-test";
		};
		DBBF00C5282B3A70007B9570 /* WordListUITests */ = {
			isa = PBXNativeTarget;
			buildConfigurationList = DBBF00D6282B3A70007B9570 /* Build configuration list for PBXNativeTarget "WordListUITests" */;
			buildPhases = (
				DBBF00C2282B3A70007B9570 /* Sources */,
				DBBF00C3282B3A70007B9570 /* Frameworks */,
				DBBF00C4282B3A70007B9570 /* Resources */,
			);
			buildRules = (
			);
			dependencies = (
				DBBF00C8282B3A70007B9570 /* PBXTargetDependency */,
			);
			name = WordListUITests;
			productName = WordListUITests;
			productReference = DBBF00C6282B3A70007B9570 /* WordListUITests.xctest */;
			productType = "com.apple.product-type.bundle.ui-testing";
		};
/* End PBXNativeTarget section */

/* Begin PBXProject section */
		DBBF009E282B3A6E007B9570 /* Project object */ = {
			isa = PBXProject;
			attributes = {
				BuildIndependentTargetsInParallel = 1;
				LastSwiftUpdateCheck = 1320;
				LastUpgradeCheck = 1320;
				TargetAttributes = {
					DBBF00A5282B3A6E007B9570 = {
						CreatedOnToolsVersion = 13.2.1;
					};
					DBBF00BB282B3A70007B9570 = {
						CreatedOnToolsVersion = 13.2.1;
						TestTargetID = DBBF00A5282B3A6E007B9570;
					};
					DBBF00C5282B3A70007B9570 = {
						CreatedOnToolsVersion = 13.2.1;
						TestTargetID = DBBF00A5282B3A6E007B9570;
					};
				};
			};
			buildConfigurationList = DBBF00A1282B3A6E007B9570 /* Build configuration list for PBXProject "WordList" */;
			compatibilityVersion = "Xcode 13.0";
			developmentRegion = en;
			hasScannedForEncodings = 0;
			knownRegions = (
				en,
				Base,
			);
			mainGroup = DBBF009D282B3A6E007B9570;
			productRefGroup = DBBF00A7282B3A6E007B9570 /* Products */;
			projectDirPath = "";
			projectRoot = "";
			targets = (
				DBBF00A5282B3A6E007B9570 /* WordList */,
				DBBF00BB282B3A70007B9570 /* WordListTests */,
				DBBF00C5282B3A70007B9570 /* WordListUITests */,
			);
		};
/* End PBXProject section */

/* Begin PBXResourcesBuildPhase section */
		DBBF00A4282B3A6E007B9570 /* Resources */ = {
			isa = PBXResourcesBuildPhase;
			buildActionMask = 2147483647;
			files = (
				DBBF00DD282B3AED007B9570 /* word_blank.png in Resources */,
				DBBF00DF282B3AED007B9570 /* title_logo.png in Resources */,
				DBBF00B6282B3A70007B9570 /* LaunchScreen.storyboard in Resources */,
				DBBF00B3282B3A70007B9570 /* Assets.xcassets in Resources */,
				DBBF00E4282B3C10007B9570 /* Corporate-Logo-Medium-ver2.otf in Resources */,
				DBBF00E2282B3BD6007B9570 /* Corporate-Logo-Bold-ver2.otf in Resources */,
				DBBF00DE282B3AED007B9570 /* fin.png in Resources */,
				DBBF00B1282B3A6E007B9570 /* Main.storyboard in Resources */,
			);
			runOnlyForDeploymentPostprocessing = 0;
		};
		DBBF00BA282B3A70007B9570 /* Resources */ = {
			isa = PBXResourcesBuildPhase;
			buildActionMask = 2147483647;
			files = (
			);
			runOnlyForDeploymentPostprocessing = 0;
		};
		DBBF00C4282B3A70007B9570 /* Resources */ = {
			isa = PBXResourcesBuildPhase;
			buildActionMask = 2147483647;
			files = (
			);
			runOnlyForDeploymentPostprocessing = 0;
		};
/* End PBXResourcesBuildPhase section */

/* Begin PBXSourcesBuildPhase section */
		DBBF00A2282B3A6E007B9570 /* Sources */ = {
			isa = PBXSourcesBuildPhase;
			buildActionMask = 2147483647;
			files = (
				DBBF00E8282B43CB007B9570 /* FinishViewController.swift in Sources */,
				DBBF00EE282B4B99007B9570 /* ListTableViewCell.swift in Sources */,
				DBBF00AE282B3A6E007B9570 /* ViewController.swift in Sources */,
				DBBF00EC282B43FB007B9570 /* AddViewController.swift in Sources */,
				DBBF00AA282B3A6E007B9570 /* AppDelegate.swift in Sources */,
				DBBF00EA282B43E0007B9570 /* ListTableViewController.swift in Sources */,
				DBBF00E6282B43B2007B9570 /* QuestionViewController.swift in Sources */,
				DBBF00AC282B3A6E007B9570 /* SceneDelegate.swift in Sources */,
			);
			runOnlyForDeploymentPostprocessing = 0;
		};
		DBBF00B8282B3A70007B9570 /* Sources */ = {
			isa = PBXSourcesBuildPhase;
			buildActionMask = 2147483647;
			files = (
				DBBF00C1282B3A70007B9570 /* WordListTests.swift in Sources */,
			);
			runOnlyForDeploymentPostprocessing = 0;
		};
		DBBF00C2282B3A70007B9570 /* Sources */ = {
			isa = PBXSourcesBuildPhase;
			buildActionMask = 2147483647;
			files = (
				DBBF00CD282B3A70007B9570 /* WordListUITestsLaunchTests.swift in Sources */,
				DBBF00CB282B3A70007B9570 /* WordListUITests.swift in Sources */,
			);
			runOnlyForDeploymentPostprocessing = 0;
		};
/* End PBXSourcesBuildPhase section */

/* Begin PBXTargetDependency section */
		DBBF00BE282B3A70007B9570 /* PBXTargetDependency */ = {
			isa = PBXTargetDependency;
			target = DBBF00A5282B3A6E007B9570 /* WordList */;
			targetProxy = DBBF00BD282B3A70007B9570 /* PBXContainerItemProxy */;
		};
		DBBF00C8282B3A70007B9570 /* PBXTargetDependency */ = {
			isa = PBXTargetDependency;
			target = DBBF00A5282B3A6E007B9570 /* WordList */;
			targetProxy = DBBF00C7282B3A70007B9570 /* PBXContainerItemProxy */;
		};
/* End PBXTargetDependency section */

/* Begin PBXVariantGroup section */
		DBBF00AF282B3A6E007B9570 /* Main.storyboard */ = {
			isa = PBXVariantGroup;
			children = (
				DBBF00B0282B3A6E007B9570 /* Base */,
			);
			name = Main.storyboard;
			sourceTree = "<group>";
		};
		DBBF00B4282B3A70007B9570 /* LaunchScreen.storyboard */ = {
			isa = PBXVariantGroup;
			children = (
				DBBF00B5282B3A70007B9570 /* Base */,
			);
			name = LaunchScreen.storyboard;
			sourceTree = "<group>";
		};
/* End PBXVariantGroup section */

/* Begin XCBuildConfiguration section */
		DBBF00CE282B3A70007B9570 /* Debug */ = {
			isa = XCBuildConfiguration;
			buildSettings = {
				ALWAYS_SEARCH_USER_PATHS = NO;
				CLANG_ANALYZER_NONNULL = YES;
				CLANG_ANALYZER_NUMBER_OBJECT_CONVERSION = YES_AGGRESSIVE;
				CLANG_CXX_LANGUAGE_STANDARD = "gnu++17";
				CLANG_CXX_LIBRARY = "libc++";
				CLANG_ENABLE_MODULES = YES;
				CLANG_ENABLE_OBJC_ARC = YES;
				CLANG_ENABLE_OBJC_WEAK = YES;
				CLANG_WARN_BLOCK_CAPTURE_AUTORELEASING = YES;
				CLANG_WARN_BOOL_CONVERSION = YES;
				CLANG_WARN_COMMA = YES;
				CLANG_WARN_CONSTANT_CONVERSION = YES;
				CLANG_WARN_DEPRECATED_OBJC_IMPLEMENTATIONS = YES;
				CLANG_WARN_DIRECT_OBJC_ISA_USAGE = YES_ERROR;
				CLANG_WARN_DOCUMENTATION_COMMENTS = YES;
				CLANG_WARN_EMPTY_BODY = YES;
				CLANG_WARN_ENUM_CONVERSION = YES;
				CLANG_WARN_INFINITE_RECURSION = YES;
				CLANG_WARN_INT_CONVERSION = YES;
				CLANG_WARN_NON_LITERAL_NULL_CONVERSION = YES;
				CLANG_WARN_OBJC_IMPLICIT_RETAIN_SELF = YES;
				CLANG_WARN_OBJC_LITERAL_CONVERSION = YES;
				CLANG_WARN_OBJC_ROOT_CLASS = YES_ERROR;
				CLANG_WARN_QUOTED_INCLUDE_IN_FRAMEWORK_HEADER = YES;
				CLANG_WARN_RANGE_LOOP_ANALYSIS = YES;
				CLANG_WARN_STRICT_PROTOTYPES = YES;
				CLANG_WARN_SUSPICIOUS_MOVE = YES;
				CLANG_WARN_UNGUARDED_AVAILABILITY = YES_AGGRESSIVE;
				CLANG_WARN_UNREACHABLE_CODE = YES;
				CLANG_WARN__DUPLICATE_METHOD_MATCH = YES;
				COPY_PHASE_STRIP = NO;
				DEBUG_INFORMATION_FORMAT = dwarf;
				ENABLE_STRICT_OBJC_MSGSEND = YES;
				ENABLE_TESTABILITY = YES;
				GCC_C_LANGUAGE_STANDARD = gnu11;
				GCC_DYNAMIC_NO_PIC = NO;
				GCC_NO_COMMON_BLOCKS = YES;
				GCC_OPTIMIZATION_LEVEL = 0;
				GCC_PREPROCESSOR_DEFINITIONS = (
					"DEBUG=1",
					"$(inherited)",
				);
				GCC_WARN_64_TO_32_BIT_CONVERSION = YES;
				GCC_WARN_ABOUT_RETURN_TYPE = YES_ERROR;
				GCC_WARN_UNDECLARED_SELECTOR = YES;
				GCC_WARN_UNINITIALIZED_AUTOS = YES_AGGRESSIVE;
				GCC_WARN_UNUSED_FUNCTION = YES;
				GCC_WARN_UNUSED_VARIABLE = YES;
				IPHONEOS_DEPLOYMENT_TARGET = 15.2;
				MTL_ENABLE_DEBUG_INFO = INCLUDE_SOURCE;
				MTL_FAST_MATH = YES;
				ONLY_ACTIVE_ARCH = YES;
				SDKROOT = iphoneos;
				SWIFT_ACTIVE_COMPILATION_CONDITIONS = DEBUG;
				SWIFT_OPTIMIZATION_LEVEL = "-Onone";
			};
			name = Debug;
		};
		DBBF00CF282B3A70007B9570 /* Release */ = {
			isa = XCBuildConfiguration;
			buildSettings = {
				ALWAYS_SEARCH_USER_PATHS = NO;
				CLANG_ANALYZER_NONNULL = YES;
				CLANG_ANALYZER_NUMBER_OBJECT_CONVERSION = YES_AGGRESSIVE;
				CLANG_CXX_LANGUAGE_STANDARD = "gnu++17";
				CLANG_CXX_LIBRARY = "libc++";
				CLANG_ENABLE_MODULES = YES;
				CLANG_ENABLE_OBJC_ARC = YES;
				CLANG_ENABLE_OBJC_WEAK = YES;
				CLANG_WARN_BLOCK_CAPTURE_AUTORELEASING = YES;
				CLANG_WARN_BOOL_CONVERSION = YES;
				CLANG_WARN_COMMA = YES;
				CLANG_WARN_CONSTANT_CONVERSION = YES;
				CLANG_WARN_DEPRECATED_OBJC_IMPLEMENTATIONS = YES;
				CLANG_WARN_DIRECT_OBJC_ISA_USAGE = YES_ERROR;
				CLANG_WARN_DOCUMENTATION_COMMENTS = YES;
				CLANG_WARN_EMPTY_BODY = YES;
				CLANG_WARN_ENUM_CONVERSION = YES;
				CLANG_WARN_INFINITE_RECURSION = YES;
				CLANG_WARN_INT_CONVERSION = YES;
				CLANG_WARN_NON_LITERAL_NULL_CONVERSION = YES;
				CLANG_WARN_OBJC_IMPLICIT_RETAIN_SELF = YES;
				CLANG_WARN_OBJC_LITERAL_CONVERSION = YES;
				CLANG_WARN_OBJC_ROOT_CLASS = YES_ERROR;
				CLANG_WARN_QUOTED_INCLUDE_IN_FRAMEWORK_HEADER = YES;
				CLANG_WARN_RANGE_LOOP_ANALYSIS = YES;
				CLANG_WARN_STRICT_PROTOTYPES = YES;
				CLANG_WARN_SUSPICIOUS_MOVE = YES;
				CLANG_WARN_UNGUARDED_AVAILABILITY = YES_AGGRESSIVE;
				CLANG_WARN_UNREACHABLE_CODE = YES;
				CLANG_WARN__DUPLICATE_METHOD_MATCH = YES;
				COPY_PHASE_STRIP = NO;
				DEBUG_INFORMATION_FORMAT = "dwarf-with-dsym";
				ENABLE_NS_ASSERTIONS = NO;
				ENABLE_STRICT_OBJC_MSGSEND = YES;
				GCC_C_LANGUAGE_STANDARD = gnu11;
				GCC_NO_COMMON_BLOCKS = YES;
				GCC_WARN_64_TO_32_BIT_CONVERSION = YES;
				GCC_WARN_ABOUT_RETURN_TYPE = YES_ERROR;
				GCC_WARN_UNDECLARED_SELECTOR = YES;
				GCC_WARN_UNINITIALIZED_AUTOS = YES_AGGRESSIVE;
				GCC_WARN_UNUSED_FUNCTION = YES;
				GCC_WARN_UNUSED_VARIABLE = YES;
				IPHONEOS_DEPLOYMENT_TARGET = 15.2;
				MTL_ENABLE_DEBUG_INFO = NO;
				MTL_FAST_MATH = YES;
				SDKROOT = iphoneos;
				SWIFT_COMPILATION_MODE = wholemodule;
				SWIFT_OPTIMIZATION_LEVEL = "-O";
				VALIDATE_PRODUCT = YES;
			};
			name = Release;
		};
		DBBF00D1282B3A70007B9570 /* Debug */ = {
			isa = XCBuildConfiguration;
			buildSettings = {
				ASSETCATALOG_COMPILER_APPICON_NAME = AppIcon;
				ASSETCATALOG_COMPILER_GLOBAL_ACCENT_COLOR_NAME = AccentColor;
				CODE_SIGN_STYLE = Automatic;
				CURRENT_PROJECT_VERSION = 1;
				GENERATE_INFOPLIST_FILE = YES;
				INFOPLIST_FILE = WordList/Info.plist;
				INFOPLIST_KEY_UIApplicationSupportsIndirectInputEvents = YES;
				INFOPLIST_KEY_UILaunchStoryboardName = LaunchScreen;
				INFOPLIST_KEY_UIMainStoryboardFile = Main;
				INFOPLIST_KEY_UISupportedInterfaceOrientations_iPad = "UIInterfaceOrientationPortrait UIInterfaceOrientationPortraitUpsideDown UIInterfaceOrientationLandscapeLeft UIInterfaceOrientationLandscapeRight";
				INFOPLIST_KEY_UISupportedInterfaceOrientations_iPhone = "UIInterfaceOrientationPortrait UIInterfaceOrientationLandscapeLeft UIInterfaceOrientationLandscapeRight";
				LD_RUNPATH_SEARCH_PATHS = (
					"$(inherited)",
					"@executable_path/Frameworks",
				);
				MARKETING_VERSION = 1.0;
				PRODUCT_BUNDLE_IDENTIFIER = app.yui.matsuda.WordList;
				PRODUCT_NAME = "$(TARGET_NAME)";
				SWIFT_EMIT_LOC_STRINGS = YES;
				SWIFT_VERSION = 5.0;
				TARGETED_DEVICE_FAMILY = "1,2";
			};
			name = Debug;
		};
		DBBF00D2282B3A70007B9570 /* Release */ = {
			isa = XCBuildConfiguration;
			buildSettings = {
				ASSETCATALOG_COMPILER_APPICON_NAME = AppIcon;
				ASSETCATALOG_COMPILER_GLOBAL_ACCENT_COLOR_NAME = AccentColor;
				CODE_SIGN_STYLE = Automatic;
				CURRENT_PROJECT_VERSION = 1;
				GENERATE_INFOPLIST_FILE = YES;
				INFOPLIST_FILE = WordList/Info.plist;
				INFOPLIST_KEY_UIApplicationSupportsIndirectInputEvents = YES;
				INFOPLIST_KEY_UILaunchStoryboardName = LaunchScreen;
				INFOPLIST_KEY_UIMainStoryboardFile = Main;
				INFOPLIST_KEY_UISupportedInterfaceOrientations_iPad = "UIInterfaceOrientationPortrait UIInterfaceOrientationPortraitUpsideDown UIInterfaceOrientationLandscapeLeft UIInterfaceOrientationLandscapeRight";
				INFOPLIST_KEY_UISupportedInterfaceOrientations_iPhone = "UIInterfaceOrientationPortrait UIInterfaceOrientationLandscapeLeft UIInterfaceOrientationLandscapeRight";
				LD_RUNPATH_SEARCH_PATHS = (
					"$(inherited)",
					"@executable_path/Frameworks",
				);
				MARKETING_VERSION = 1.0;
				PRODUCT_BUNDLE_IDENTIFIER = app.yui.matsuda.WordList;
				PRODUCT_NAME = "$(TARGET_NAME)";
				SWIFT_EMIT_LOC_STRINGS = YES;
				SWIFT_VERSION = 5.0;
				TARGETED_DEVICE_FAMILY = "1,2";
			};
			name = Release;
		};
		DBBF00D4282B3A70007B9570 /* Debug */ = {
			isa = XCBuildConfiguration;
			buildSettings = {
				ALWAYS_EMBED_SWIFT_STANDARD_LIBRARIES = YES;
				BUNDLE_LOADER = "$(TEST_HOST)";
				CODE_SIGN_STYLE = Automatic;
				CURRENT_PROJECT_VERSION = 1;
				GENERATE_INFOPLIST_FILE = YES;
				IPHONEOS_DEPLOYMENT_TARGET = 15.2;
				MARKETING_VERSION = 1.0;
				PRODUCT_BUNDLE_IDENTIFIER = app.yui.matsuda.WordListTests;
				PRODUCT_NAME = "$(TARGET_NAME)";
				SWIFT_EMIT_LOC_STRINGS = NO;
				SWIFT_VERSION = 5.0;
				TARGETED_DEVICE_FAMILY = "1,2";
				TEST_HOST = "$(BUILT_PRODUCTS_DIR)/WordList.app/WordList";
			};
			name = Debug;
		};
		DBBF00D5282B3A70007B9570 /* Release */ = {
			isa = XCBuildConfiguration;
			buildSettings = {
				ALWAYS_EMBED_SWIFT_STANDARD_LIBRARIES = YES;
				BUNDLE_LOADER = "$(TEST_HOST)";
				CODE_SIGN_STYLE = Automatic;
				CURRENT_PROJECT_VERSION = 1;
				GENERATE_INFOPLIST_FILE = YES;
				IPHONEOS_DEPLOYMENT_TARGET = 15.2;
				MARKETING_VERSION = 1.0;
				PRODUCT_BUNDLE_IDENTIFIER = app.yui.matsuda.WordListTests;
				PRODUCT_NAME = "$(TARGET_NAME)";
				SWIFT_EMIT_LOC_STRINGS = NO;
				SWIFT_VERSION = 5.0;
				TARGETED_DEVICE_FAMILY = "1,2";
				TEST_HOST = "$(BUILT_PRODUCTS_DIR)/WordList.app/WordList";
			};
			name = Release;
		};
		DBBF00D7282B3A70007B9570 /* Debug */ = {
			isa = XCBuildConfiguration;
			buildSettings = {
				ALWAYS_EMBED_SWIFT_STANDARD_LIBRARIES = YES;
				CODE_SIGN_STYLE = Automatic;
				CURRENT_PROJECT_VERSION = 1;
				GENERATE_INFOPLIST_FILE = YES;
				MARKETING_VERSION = 1.0;
				PRODUCT_BUNDLE_IDENTIFIER = app.yui.matsuda.WordListUITests;
				PRODUCT_NAME = "$(TARGET_NAME)";
				SWIFT_EMIT_LOC_STRINGS = NO;
				SWIFT_VERSION = 5.0;
				TARGETED_DEVICE_FAMILY = "1,2";
				TEST_TARGET_NAME = WordList;
			};
			name = Debug;
		};
		DBBF00D8282B3A70007B9570 /* Release */ = {
			isa = XCBuildConfiguration;
			buildSettings = {
				ALWAYS_EMBED_SWIFT_STANDARD_LIBRARIES = YES;
				CODE_SIGN_STYLE = Automatic;
				CURRENT_PROJECT_VERSION = 1;
				GENERATE_INFOPLIST_FILE = YES;
				MARKETING_VERSION = 1.0;
				PRODUCT_BUNDLE_IDENTIFIER = app.yui.matsuda.WordListUITests;
				PRODUCT_NAME = "$(TARGET_NAME)";
				SWIFT_EMIT_LOC_STRINGS = NO;
				SWIFT_VERSION = 5.0;
				TARGETED_DEVICE_FAMILY = "1,2";
				TEST_TARGET_NAME = WordList;
			};
			name = Release;
		};
/* End XCBuildConfiguration section */

/* Begin XCConfigurationList section */
		DBBF00A1282B3A6E007B9570 /* Build configuration list for PBXProject "WordList" */ = {
			isa = XCConfigurationList;
			buildConfigurations = (
				DBBF00CE282B3A70007B9570 /* Debug */,
				DBBF00CF282B3A70007B9570 /* Release */,
			);
			defaultConfigurationIsVisible = 0;
			defaultConfigurationName = Release;
		};
		DBBF00D0282B3A70007B9570 /* Build configuration list for PBXNativeTarget "WordList" */ = {
			isa = XCConfigurationList;
			buildConfigurations = (
				DBBF00D1282B3A70007B9570 /* Debug */,
				DBBF00D2282B3A70007B9570 /* Release */,
			);
			defaultConfigurationIsVisible = 0;
			defaultConfigurationName = Release;
		};
		DBBF00D3282B3A70007B9570 /* Build configuration list for PBXNativeTarget "WordListTests" */ = {
			isa = XCConfigurationList;
			buildConfigurations = (
				DBBF00D4282B3A70007B9570 /* Debug */,
				DBBF00D5282B3A70007B9570 /* Release */,
			);
			defaultConfigurationIsVisible = 0;
			defaultConfigurationName = Release;
		};
		DBBF00D6282B3A70007B9570 /* Build configuration list for PBXNativeTarget "WordListUITests" */ = {
			isa = XCConfigurationList;
			buildConfigurations = (
				DBBF00D7282B3A70007B9570 /* Debug */,
				DBBF00D8282B3A70007B9570 /* Release */,
			);
			defaultConfigurationIsVisible = 0;
			defaultConfigurationName = Release;
		};
/* End XCConfigurationList section */
	};
	rootObject = DBBF009E282B3A6E007B9570 /* Project object */;
}
